
Microsoft Visual Studio Solution File, Format Version 12.00
# Visual Studio Version 18
VisualStudioVersion = 18.7.11911.148 stable
MinimumVisualStudioVersion = 10.0.40219.1
Project("{FAE04EC0-301F-11D3-BF4B-00C04F79EFBC}") = "CalculateFinalPrice", "CalculateFinalPrice\CalculateFinalPrice.csproj", "{21CB8D63-E2C9-47B9-9EDA-89D1419E3314}"
EndProject
Project("{FAE04EC0-301F-11D3-BF4B-00C04F79EFBC}") = "CalculateFinalPrice.Tests", "CalculateFinalPrice.Tests\CalculateFinalPrice.Tests.csproj", "{3D1740AF-D614-4E84-B64F-AF6B65D9FCCA}"
EndProject
Project("{2150E333-8FDC-42A3-9474-1A3956D46DE8}") = "Elementos de la solución", "Elementos de la solución", "{B85C98AC-E2C8-4E9D-9ECF-967060602E75}"
	ProjectSection(SolutionItems) = preProject
		README.md = README.md
	EndProjectSection
EndProject
Global
	GlobalSection(SolutionConfigurationPlatforms) = preSolution
		Debug|Any CPU = Debug|Any CPU
		Release|Any CPU = Release|Any CPU
	EndGlobalSection
	GlobalSection(ProjectConfigurationPlatforms) = postSolution
		{21CB8D63-E2C9-47B9-9EDA-89D1419E3314}.Debug|Any CPU.ActiveCfg = Debug|Any CPU
		{21CB8D63-E2C9-47B9-9EDA-89D1419E3314}.Debug|Any CPU.Build.0 = Debug|Any CPU
		{21CB8D63-E2C9-47B9-9EDA-89D1419E3314}.Release|Any CPU.ActiveCfg = Release|Any CPU
		{21CB8D63-E2C9-47B9-9EDA-89D1419E3314}.Release|Any CPU.Build.0 = Release|Any CPU
		{3D1740AF-D614-4E84-B64F-AF6B65D9FCCA}.Debug|Any CPU.ActiveCfg = Debug|Any CPU
		{3D1740AF-D614-4E84-B64F-AF6B65D9FCCA}.Debug|Any CPU.Build.0 = Debug|Any CPU
		{3D1740AF-D614-4E84-B64F-AF6B65D9FCCA}.Release|Any CPU.ActiveCfg = Release|Any CPU
		{3D1740AF-D614-4E84-B64F-AF6B65D9FCCA}.Release|Any CPU.Build.0 = Release|Any CPU
	EndGlobalSection
	GlobalSection(SolutionProperties) = preSolution
		HideSolutionNode = FALSE
	EndGlobalSection
	GlobalSection(ExtensibilityGlobals) = postSolution
		SolutionGuid = {4475370A-52A7-4972-AB76-EBFF239A8F5A}
	EndGlobalSection
EndGlobal
